// !$*UTF8*$!
{
	archiveVersion = 1;
	classes = {
	};
	objectVersion = 46;
	objects = {

/* Begin PBXBuildFile section */
		D8D3A5241EDE26C600C7E1E9 /* AppDelegate.swift in Sources */ = {isa = PBXBuildFile; fileRef = D8D3A5231EDE26C600C7E1E9 /* AppDelegate.swift */; };
		D8D3A5261EDE26C600C7E1E9 /* ViewController.swift in Sources */ = {isa = PBXBuildFile; fileRef = D8D3A5251EDE26C600C7E1E9 /* ViewController.swift */; };
		D8D3A5291EDE26C600C7E1E9 /* Main.storyboard in Resources */ = {isa = PBXBuildFile; fileRef = D8D3A5271EDE26C600C7E1E9 /* Main.storyboard */; };
		D8D3A52B1EDE26C600C7E1E9 /* Assets.xcassets in Resources */ = {isa = PBXBuildFile; fileRef = D8D3A52A1EDE26C600C7E1E9 /* Assets.xcassets */; };
		D8D3A52E1EDE26C600C7E1E9 /* LaunchScreen.storyboard in Resources */ = {isa = PBXBuildFile; fileRef = D8D3A52C1EDE26C600C7E1E9 /* LaunchScreen.storyboard */; };
		D8D3A5381EDE276000C7E1E9 /* AmazingView.swift in Sources */ = {isa = PBXBuildFile; fileRef = D8D3A5371EDE276000C7E1E9 /* AmazingView.swift */; };
		D8D3A53B1EDE27F800C7E1E9 /* LoveView.m in Sources */ = {isa = PBXBuildFile; fileRef = D8D3A53A1EDE27F800C7E1E9 /* LoveView.m */; };
		D8D3A53D1EDE28E600C7E1E9 /* LoveButtonView.swift in Sources */ = {isa = PBXBuildFile; fileRef = D8D3A53C1EDE28E600C7E1E9 /* LoveButtonView.swift */; };
		D8D3A53F1EDE2CB200C7E1E9 /* HudView.swift in Sources */ = {isa = PBXBuildFile; fileRef = D8D3A53E1EDE2CB200C7E1E9 /* HudView.swift */; };
		D8D3A5411EDE2DF700C7E1E9 /* ProgressIndicatorView.swift in Sources */ = {isa = PBXBuildFile; fileRef = D8D3A5401EDE2DF700C7E1E9 /* ProgressIndicatorView.swift */; };
		D8D3A5431EDE2E5100C7E1E9 /* TouchExampleView.swift in Sources */ = {isa = PBXBuildFile; fileRef = D8D3A5421EDE2E5100C7E1E9 /* TouchExampleView.swift */; };
/* End PBXBuildFile section */

/* Begin PBXFileReference section */
		D8394D2E1EDF051F003E46C5 /* 3DTouch.kite */ = {isa = PBXFileReference; lastKnownFileType = wrapper; name = 3DTouch.kite; path = "Kite Documents/3DTouch.kite"; sourceTree = SOURCE_ROOT; };
		D8394D2F1EDF051F003E46C5 /* Emoji.kite */ = {isa = PBXFileReference; lastKnownFileType = wrapper; name = Emoji.kite; path = "Kite Documents/Emoji.kite"; sourceTree = SOURCE_ROOT; };
		D8394D301EDF051F003E46C5 /* Heart.kite */ = {isa = PBXFileReference; lastKnownFileType = wrapper; name = Heart.kite; path = "Kite Documents/Heart.kite"; sourceTree = SOURCE_ROOT; };
		D8394D311EDF051F003E46C5 /* LoadingSpinner.kite */ = {isa = PBXFileReference; lastKnownFileType = wrapper; name = LoadingSpinner.kite; path = "Kite Documents/LoadingSpinner.kite"; sourceTree = SOURCE_ROOT; };
		D8394D321EDF051F003E46C5 /* LoveEmoji.kite */ = {isa = PBXFileReference; lastKnownFileType = wrapper; name = LoveEmoji.kite; path = "Kite Documents/LoveEmoji.kite"; sourceTree = SOURCE_ROOT; };
		D8D3A5201EDE26C600C7E1E9 /* CodeGeneration.app */ = {isa = PBXFileReference; explicitFileType = wrapper.application; includeInIndex = 0; path = CodeGeneration.app; sourceTree = BUILT_PRODUCTS_DIR; };
		D8D3A5231EDE26C600C7E1E9 /* AppDelegate.swift */ = {isa = PBXFileReference; lastKnownFileType = sourcecode.swift; path = AppDelegate.swift; sourceTree = "<group>"; };
		D8D3A5251EDE26C600C7E1E9 /* ViewController.swift */ = {isa = PBXFileReference; lastKnownFileType = sourcecode.swift; path = ViewController.swift; sourceTree = "<group>"; };
		D8D3A5281EDE26C600C7E1E9 /* Base */ = {isa = PBXFileReference; lastKnownFileType = file.storyboard; name = Base; path = Base.lproj/Main.storyboard; sourceTree = "<group>"; };
		D8D3A52A1EDE26C600C7E1E9 /* Assets.xcassets */ = {isa = PBXFileReference; lastKnownFileType = folder.assetcatalog; path = Assets.xcassets; sourceTree = "<group>"; };
		D8D3A52D1EDE26C600C7E1E9 /* Base */ = {isa = PBXFileReference; lastKnownFileType = file.storyboard; name = Base; path = Base.lproj/LaunchScreen.storyboard; sourceTree = "<group>"; };
		D8D3A52F1EDE26C600C7E1E9 /* Info.plist */ = {isa = PBXFileReference; lastKnownFileType = text.plist.xml; path = Info.plist; sourceTree = "<group>"; };
		D8D3A5371EDE276000C7E1E9 /* AmazingView.swift */ = {isa = PBXFileReference; fileEncoding = 4; lastKnownFileType = sourcecode.swift; path = AmazingView.swift; sourceTree = SOURCE_ROOT; };
		D8D3A5391EDE27F800C7E1E9 /* LoveView.h */ = {isa = PBXFileReference; fileEncoding = 4; lastKnownFileType = sourcecode.c.h; path = LoveView.h; sourceTree = SOURCE_ROOT; };
		D8D3A53A1EDE27F800C7E1E9 /* LoveView.m */ = {isa = PBXFileReference; fileEncoding = 4; lastKnownFileType = sourcecode.c.objc; path = LoveView.m; sourceTree = SOURCE_ROOT; };
		D8D3A53C1EDE28E600C7E1E9 /* LoveButtonView.swift */ = {isa = PBXFileReference; fileEncoding = 4; lastKnownFileType = sourcecode.swift; path = LoveButtonView.swift; sourceTree = SOURCE_ROOT; };
		D8D3A53E1EDE2CB200C7E1E9 /* HudView.swift */ = {isa = PBXFileReference; fileEncoding = 4; lastKnownFileType = sourcecode.swift; path = HudView.swift; sourceTree = SOURCE_ROOT; };
		D8D3A5401EDE2DF700C7E1E9 /* ProgressIndicatorView.swift */ = {isa = PBXFileReference; fileEncoding = 4; lastKnownFileType = sourcecode.swift; path = ProgressIndicatorView.swift; sourceTree = SOURCE_ROOT; };
		D8D3A5421EDE2E5100C7E1E9 /* TouchExampleView.swift */ = {isa = PBXFileReference; fileEncoding = 4; lastKnownFileType = sourcecode.swift; path = TouchExampleView.swift; sourceTree = SOURCE_ROOT; };
/* End PBXFileReference section */

/* Begin PBXFrameworksBuildPhase section */
		D8D3A51D1EDE26C600C7E1E9 /* Frameworks */ = {
			isa = PBXFrameworksBuildPhase;
			buildActionMask = 2147483647;
			files = (
			);
			runOnlyForDeploymentPostprocessing = 0;
		};
/* End PBXFrameworksBuildPhase section */

/* Begin PBXGroup section */
		D8394D2D1EDF03D1003E46C5 /* Kite Documents */ = {
			isa = PBXGroup;
			children = (
				D8394D2E1EDF051F003E46C5 /* 3DTouch.kite */,
				D8394D2F1EDF051F003E46C5 /* Emoji.kite */,
				D8394D301EDF051F003E46C5 /* Heart.kite */,
				D8394D311EDF051F003E46C5 /* LoadingSpinner.kite */,
				D8394D321EDF051F003E46C5 /* LoveEmoji.kite */,
			);
			name = "Kite Documents";
			sourceTree = "<group>";
		};
		D8D3A5171EDE26C600C7E1E9 = {
			isa = PBXGroup;
			children = (
				D8D3A5221EDE26C600C7E1E9 /* CodeGeneration */,
				D8D3A5211EDE26C600C7E1E9 /* Products */,
			);
			sourceTree = "<group>";
		};
		D8D3A5211EDE26C600C7E1E9 /* Products */ = {
			isa = PBXGroup;
			children = (
				D8D3A5201EDE26C600C7E1E9 /* CodeGeneration.app */,
			);
			name = Products;
			sourceTree = "<group>";
		};
		D8D3A5221EDE26C600C7E1E9 /* CodeGeneration */ = {
			isa = PBXGroup;
			children = (
				D8394D2D1EDF03D1003E46C5 /* Kite Documents */,
				D8D3A5361EDE270000C7E1E9 /* Generated Code */,
				D8D3A5351EDE26F600C7E1E9 /* App */,
			);
			path = CodeGeneration;
			sourceTree = "<group>";
		};
		D8D3A5351EDE26F600C7E1E9 /* App */ = {
			isa = PBXGroup;
			children = (
				D8D3A5231EDE26C600C7E1E9 /* AppDelegate.swift */,
				D8D3A5251EDE26C600C7E1E9 /* ViewController.swift */,
				D8D3A5271EDE26C600C7E1E9 /* Main.storyboard */,
				D8D3A52A1EDE26C600C7E1E9 /* Assets.xcassets */,
				D8D3A52C1EDE26C600C7E1E9 /* LaunchScreen.storyboard */,
				D8D3A52F1EDE26C600C7E1E9 /* Info.plist */,
			);
			name = App;
			sourceTree = "<group>";
		};
		D8D3A5361EDE270000C7E1E9 /* Generated Code */ = {
			isa = PBXGroup;
			children = (
				D8D3A5421EDE2E5100C7E1E9 /* TouchExampleView.swift */,
				D8D3A5401EDE2DF700C7E1E9 /* ProgressIndicatorView.swift */,
				D8D3A53E1EDE2CB200C7E1E9 /* HudView.swift */,
				D8D3A53C1EDE28E600C7E1E9 /* LoveButtonView.swift */,
				D8D3A5391EDE27F800C7E1E9 /* LoveView.h */,
				D8D3A53A1EDE27F800C7E1E9 /* LoveView.m */,
				D8D3A5371EDE276000C7E1E9 /* AmazingView.swift */,
			);
			name = "Generated Code";
			sourceTree = "<group>";
		};
/* End PBXGroup section */

/* Begin PBXNativeTarget section */
		D8D3A51F1EDE26C600C7E1E9 /* CodeGeneration */ = {
			isa = PBXNativeTarget;
			buildConfigurationList = D8D3A5321EDE26C600C7E1E9 /* Build configuration list for PBXNativeTarget "CodeGeneration" */;
			buildPhases = (
				D8D3A51C1EDE26C600C7E1E9 /* Sources */,
				D8D3A51D1EDE26C600C7E1E9 /* Frameworks */,
				D8D3A51E1EDE26C600C7E1E9 /* Resources */,
			);
			buildRules = (
			);
			dependencies = (
			);
			name = CodeGeneration;
			productName = CodeGeneration;
			productReference = D8D3A5201EDE26C600C7E1E9 /* CodeGeneration.app */;
			productType = "com.apple.product-type.application";
		};
/* End PBXNativeTarget section */

/* Begin PBXProject section */
		D8D3A5181EDE26C600C7E1E9 /* Project object */ = {
			isa = PBXProject;
			attributes = {
				LastSwiftUpdateCheck = 0830;
				LastUpgradeCheck = 0830;
				TargetAttributes = {
					D8D3A51F1EDE26C600C7E1E9 = {
						CreatedOnToolsVersion = 8.3.2;
						LastSwiftMigration = 0830;
						ProvisioningStyle = Automatic;
					};
				};
			};
			buildConfigurationList = D8D3A51B1EDE26C600C7E1E9 /* Build configuration list for PBXProject "CodeGeneration" */;
			compatibilityVersion = "Xcode 3.2";
			developmentRegion = English;
			hasScannedForEncodings = 0;
			knownRegions = (
				en,
				Base,
			);
			mainGroup = D8D3A5171EDE26C600C7E1E9;
			productRefGroup = D8D3A5211EDE26C600C7E1E9 /* Products */;
			projectDirPath = "";
			projectRoot = "";
			targets = (
				D8D3A51F1EDE26C600C7E1E9 /* CodeGeneration */,
			);
		};
/* End PBXProject section */

/* Begin PBXResourcesBuildPhase section */
		D8D3A51E1EDE26C600C7E1E9 /* Resources */ = {
			isa = PBXResourcesBuildPhase;
			buildActionMask = 2147483647;
			files = (
				D8D3A52E1EDE26C600C7E1E9 /* LaunchScreen.storyboard in Resources */,
				D8D3A52B1EDE26C600C7E1E9 /* Assets.xcassets in Resources */,
				D8D3A5291EDE26C600C7E1E9 /* Main.storyboard in Resources */,
			);
			runOnlyForDeploymentPostprocessing = 0;
		};
/* End PBXResourcesBuildPhase section */

/* Begin PBXSourcesBuildPhase section */
		D8D3A51C1EDE26C600C7E1E9 /* Sources */ = {
			isa = PBXSourcesBuildPhase;
			buildActionMask = 2147483647;
			files = (
				D8D3A5261EDE26C600C7E1E9 /* ViewController.swift in Sources */,
				D8D3A5381EDE276000C7E1E9 /* AmazingView.swift in Sources */,
				D8D3A53F1EDE2CB200C7E1E9 /* HudView.swift in Sources */,
				D8D3A5431EDE2E5100C7E1E9 /* TouchExampleView.swift in Sources */,
				D8D3A53B1EDE27F800C7E1E9 /* LoveView.m in Sources */,
				D8D3A5411EDE2DF700C7E1E9 /* ProgressIndicatorView.swift in Sources */,
				D8D3A5241EDE26C600C7E1E9 /* AppDelegate.swift in Sources */,
				D8D3A53D1EDE28E600C7E1E9 /* LoveButtonView.swift in Sources */,
			);
			runOnlyForDeploymentPostprocessing = 0;
		};
/* End PBXSourcesBuildPhase section */

/* Begin PBXVariantGroup section */
		D8D3A5271EDE26C600C7E1E9 /* Main.storyboard */ = {
			isa = PBXVariantGroup;
			children = (
				D8D3A5281EDE26C600C7E1E9 /* Base */,
			);
			name = Main.storyboard;
			sourceTree = "<group>";
		};
		D8D3A52C1EDE26C600C7E1E9 /* LaunchScreen.storyboard */ = {
			isa = PBXVariantGroup;
			children = (
				D8D3A52D1EDE26C600C7E1E9 /* Base */,
			);
			name = LaunchScreen.storyboard;
			sourceTree = "<group>";
		};
/* End PBXVariantGroup section */

/* Begin XCBuildConfiguration section */
		D8D3A5301EDE26C600C7E1E9 /* Debug */ = {
			isa = XCBuildConfiguration;
			buildSettings = {
				ALWAYS_SEARCH_USER_PATHS = NO;
				CLANG_ANALYZER_NONNULL = YES;
				CLANG_ANALYZER_NUMBER_OBJECT_CONVERSION = YES_AGGRESSIVE;
				CLANG_CXX_LANGUAGE_STANDARD = "gnu++0x";
				CLANG_CXX_LIBRARY = "libc++";
				CLANG_ENABLE_MODULES = YES;
				CLANG_ENABLE_OBJC_ARC = YES;
				CLANG_WARN_BOOL_CONVERSION = YES;
				CLANG_WARN_CONSTANT_CONVERSION = YES;
				CLANG_WARN_DIRECT_OBJC_ISA_USAGE = YES_ERROR;
				CLANG_WARN_DOCUMENTATION_COMMENTS = YES;
				CLANG_WARN_EMPTY_BODY = YES;
				CLANG_WARN_ENUM_CONVERSION = YES;
				CLANG_WARN_INFINITE_RECURSION = YES;
				CLANG_WARN_INT_CONVERSION = YES;
				CLANG_WARN_OBJC_ROOT_CLASS = YES_ERROR;
				CLANG_WARN_SUSPICIOUS_MOVE = YES;
				CLANG_WARN_UNREACHABLE_CODE = YES;
				CLANG_WARN__DUPLICATE_METHOD_MATCH = YES;
				"CODE_SIGN_IDENTITY[sdk=iphoneos*]" = "iPhone Developer";
				COPY_PHASE_STRIP = NO;
				DEBUG_INFORMATION_FORMAT = dwarf;
				ENABLE_STRICT_OBJC_MSGSEND = YES;
				ENABLE_TESTABILITY = YES;
				GCC_C_LANGUAGE_STANDARD = gnu99;
				GCC_DYNAMIC_NO_PIC = NO;
				GCC_NO_COMMON_BLOCKS = YES;
				GCC_OPTIMIZATION_LEVEL = 0;
				GCC_PREPROCESSOR_DEFINITIONS = (
					"DEBUG=1",
					"$(inherited)",
				);
				GCC_WARN_64_TO_32_BIT_CONVERSION = YES;
				GCC_WARN_ABOUT_RETURN_TYPE = YES_ERROR;
				GCC_WARN_UNDECLARED_SELECTOR = YES;
				GCC_WARN_UNINITIALIZED_AUTOS = YES_AGGRESSIVE;
				GCC_WARN_UNUSED_FUNCTION = YES;
				GCC_WARN_UNUSED_VARIABLE = YES;
				IPHONEOS_DEPLOYMENT_TARGET = 10.3;
				MTL_ENABLE_DEBUG_INFO = YES;
				ONLY_ACTIVE_ARCH = YES;
				SDKROOT = iphoneos;
				SWIFT_ACTIVE_COMPILATION_CONDITIONS = DEBUG;
				SWIFT_OPTIMIZATION_LEVEL = "-Onone";
				TARGETED_DEVICE_FAMILY = "1,2";
			};
			name = Debug;
		};
		D8D3A5311EDE26C600C7E1E9 /* Release */ = {
			isa = XCBuildConfiguration;
			buildSettings = {
				ALWAYS_SEARCH_USER_PATHS = NO;
				CLANG_ANALYZER_NONNULL = YES;
				CLANG_ANALYZER_NUMBER_OBJECT_CONVERSION = YES_AGGRESSIVE;
				CLANG_CXX_LANGUAGE_STANDARD = "gnu++0x";
				CLANG_CXX_LIBRARY = "libc++";
				CLANG_ENABLE_MODULES = YES;
				CLANG_ENABLE_OBJC_ARC = YES;
				CLANG_WARN_BOOL_CONVERSION = YES;
				CLANG_WARN_CONSTANT_CONVERSION = YES;
				CLANG_WARN_DIRECT_OBJC_ISA_USAGE = YES_ERROR;
				CLANG_WARN_DOCUMENTATION_COMMENTS = YES;
				CLANG_WARN_EMPTY_BODY = YES;
				CLANG_WARN_ENUM_CONVERSION = YES;
				CLANG_WARN_INFINITE_RECURSION = YES;
				CLANG_WARN_INT_CONVERSION = YES;
				CLANG_WARN_OBJC_ROOT_CLASS = YES_ERROR;
				CLANG_WARN_SUSPICIOUS_MOVE = YES;
				CLANG_WARN_UNREACHABLE_CODE = YES;
				CLANG_WARN__DUPLICATE_METHOD_MATCH = YES;
				"CODE_SIGN_IDENTITY[sdk=iphoneos*]" = "iPhone Developer";
				COPY_PHASE_STRIP = NO;
				DEBUG_INFORMATION_FORMAT = "dwarf-with-dsym";
				ENABLE_NS_ASSERTIONS = NO;
				ENABLE_STRICT_OBJC_MSGSEND = YES;
				GCC_C_LANGUAGE_STANDARD = gnu99;
				GCC_NO_COMMON_BLOCKS = YES;
				GCC_WARN_64_TO_32_BIT_CONVERSION = YES;
				GCC_WARN_ABOUT_RETURN_TYPE = YES_ERROR;
				GCC_WARN_UNDECLARED_SELECTOR = YES;
				GCC_WARN_UNINITIALIZED_AUTOS = YES_AGGRESSIVE;
				GCC_WARN_UNUSED_FUNCTION = YES;
				GCC_WARN_UNUSED_VARIABLE = YES;
				IPHONEOS_DEPLOYMENT_TARGET = 10.3;
				MTL_ENABLE_DEBUG_INFO = NO;
				SDKROOT = iphoneos;
				SWIFT_OPTIMIZATION_LEVEL = "-Owholemodule";
				TARGETED_DEVICE_FAMILY = "1,2";
				VALIDATE_PRODUCT = YES;
			};
			name = Release;
		};
		D8D3A5331EDE26C600C7E1E9 /* Debug */ = {
			isa = XCBuildConfiguration;
			buildSettings = {
				ASSETCATALOG_COMPILER_APPICON_NAME = AppIcon;
				CLANG_ENABLE_MODULES = YES;
				DEVELOPMENT_TEAM = "";
				INFOPLIST_FILE = CodeGeneration/Info.plist;
				LD_RUNPATH_SEARCH_PATHS = "$(inherited) @executable_path/Frameworks";
				PRODUCT_BUNDLE_IDENTIFIER = co.kiteapp.CodeGeneration;
				PRODUCT_NAME = "$(TARGET_NAME)";
				SWIFT_OPTIMIZATION_LEVEL = "-Onone";
				SWIFT_VERSION = 3.0;
			};
			name = Debug;
		};
		D8D3A5341EDE26C600C7E1E9 /* Release */ = {
			isa = XCBuildConfiguration;
			buildSettings = {
				ASSETCATALOG_COMPILER_APPICON_NAME = AppIcon;
				CLANG_ENABLE_MODULES = YES;
				DEVELOPMENT_TEAM = "";
				INFOPLIST_FILE = CodeGeneration/Info.plist;
				LD_RUNPATH_SEARCH_PATHS = "$(inherited) @executable_path/Frameworks";
				PRODUCT_BUNDLE_IDENTIFIER = co.kiteapp.CodeGeneration;
				PRODUCT_NAME = "$(TARGET_NAME)";
				SWIFT_VERSION = 3.0;
			};
			name = Release;
		};
/* End XCBuildConfiguration section */

/* Begin XCConfigurationList section */
		D8D3A51B1EDE26C600C7E1E9 /* Build configuration list for PBXProject "CodeGeneration" */ = {
			isa = XCConfigurationList;
			buildConfigurations = (
				D8D3A5301EDE26C600C7E1E9 /* Debug */,
				D8D3A5311EDE26C600C7E1E9 /* Release */,
			);
			defaultConfigurationIsVisible = 0;
			defaultConfigurationName = Release;
		};
		D8D3A5321EDE26C600C7E1E9 /* Build configuration list for PBXNativeTarget "CodeGeneration" */ = {
			isa = XCConfigurationList;
			buildConfigurations = (
				D8D3A5331EDE26C600C7E1E9 /* Debug */,
				D8D3A5341EDE26C600C7E1E9 /* Release */,
			);
			defaultConfigurationIsVisible = 0;
			defaultConfigurationName = Release;
		};
/* End XCConfigurationList section */
	};
	rootObject = D8D3A5181EDE26C600C7E1E9 /* Project object */;
}
